
Microsoft Visual Studio Solution File, Format Version 12.00
# Visual Studio 15
VisualStudioVersion = 15.0.26430.6
MinimumVisualStudioVersion = 10.0.40219.1
Project("{9A19103F-16F7-4668-BE54-9A1E7A4F7556}") = "LannisterAPI", "LannisterAPI\LannisterAPI.csproj", "{934B4354-A594-4013-BC34-39C9601C1150}"
EndProject
Project("{9A19103F-16F7-4668-BE54-9A1E7A4F7556}") = "MoneyTracking", "MoneyTracking\MoneyTracking.csproj", "{C7E78901-9DAA-4DC3-9505-7A10F566AEAF}"
EndProject
Project("{9A19103F-16F7-4668-BE54-9A1E7A4F7556}") = "MoneyTracking.UnitTests", "MoneyTracking.UnitTests\MoneyTracking.UnitTests.csproj", "{D540CEA8-2E29-40AE-961A-135144BB2558}"
EndProject
Project("{2150E333-8FDC-42A3-9474-1A3956D46DE8}") = "Tests", "Tests", "{B3C95371-DA35-45EC-8723-49C84260121B}"
EndProject
Project("{FAE04EC0-301F-11D3-BF4B-00C04F79EFBC}") = "Common", "Common\Common.csproj", "{1FA6B1BB-1985-427E-BF71-88BEDF4B3C6F}"
EndProject
Global
	GlobalSection(SolutionConfigurationPlatforms) = preSolution
		Debug|Any CPU = Debug|Any CPU
		Release|Any CPU = Release|Any CPU
	EndGlobalSection
	GlobalSection(ProjectConfigurationPlatforms) = postSolution
		{934B4354-A594-4013-BC34-39C9601C1150}.Debug|Any CPU.ActiveCfg = Debug|Any CPU
		{934B4354-A594-4013-BC34-39C9601C1150}.Debug|Any CPU.Build.0 = Debug|Any CPU
		{934B4354-A594-4013-BC34-39C9601C1150}.Release|Any CPU.ActiveCfg = Release|Any CPU
		{934B4354-A594-4013-BC34-39C9601C1150}.Release|Any CPU.Build.0 = Release|Any CPU
		{C7E78901-9DAA-4DC3-9505-7A10F566AEAF}.Debug|Any CPU.ActiveCfg = Debug|Any CPU
		{C7E78901-9DAA-4DC3-9505-7A10F566AEAF}.Debug|Any CPU.Build.0 = Debug|Any CPU
		{C7E78901-9DAA-4DC3-9505-7A10F566AEAF}.Release|Any CPU.ActiveCfg = Release|Any CPU
		{C7E78901-9DAA-4DC3-9505-7A10F566AEAF}.Release|Any CPU.Build.0 = Release|Any CPU
		{D540CEA8-2E29-40AE-961A-135144BB2558}.Debug|Any CPU.ActiveCfg = Debug|Any CPU
		{D540CEA8-2E29-40AE-961A-135144BB2558}.Debug|Any CPU.Build.0 = Debug|Any CPU
		{D540CEA8-2E29-40AE-961A-135144BB2558}.Release|Any CPU.ActiveCfg = Release|Any CPU
		{D540CEA8-2E29-40AE-961A-135144BB2558}.Release|Any CPU.Build.0 = Release|Any CPU
		{1FA6B1BB-1985-427E-BF71-88BEDF4B3C6F}.Debug|Any CPU.ActiveCfg = Debug|Any CPU
		{1FA6B1BB-1985-427E-BF71-88BEDF4B3C6F}.Debug|Any CPU.Build.0 = Debug|Any CPU
		{1FA6B1BB-1985-427E-BF71-88BEDF4B3C6F}.Release|Any CPU.ActiveCfg = Release|Any CPU
		{1FA6B1BB-1985-427E-BF71-88BEDF4B3C6F}.Release|Any CPU.Build.0 = Release|Any CPU
	EndGlobalSection
	GlobalSection(SolutionProperties) = preSolution
		HideSolutionNode = FALSE
	EndGlobalSection
	GlobalSection(NestedProjects) = preSolution
		{D540CEA8-2E29-40AE-961A-135144BB2558} = {B3C95371-DA35-45EC-8723-49C84260121B}
	EndGlobalSection
EndGlobal
